// !$*UTF8*$!
{
	archiveVersion = 1;
	classes = {
	};
	objectVersion = 51;
	objects = {

/* Begin PBXBuildFile section */
		3F11791CA539F0F9F534E9AB /* Pods_Tabungan_Ku.framework in Frameworks */ = {isa = PBXBuildFile; fileRef = 155EA88CC1C47E24A8939046 /* Pods_Tabungan_Ku.framework */; };
		3F976CCE09F77793A9499FE7 /* Pods_Tabungan_KuTests.framework in Frameworks */ = {isa = PBXBuildFile; fileRef = 68879392F5A9A84F5305C387 /* Pods_Tabungan_KuTests.framework */; };
		469D84EB7DC7DA908C83A09B /* Pods_Tabungan_KuUITests.framework in Frameworks */ = {isa = PBXBuildFile; fileRef = 6A8805B5ADC8A0AB06A0323E /* Pods_Tabungan_KuUITests.framework */; };
		EF11C01A229E1FDB0088182C /* OutcomeViewController.swift in Sources */ = {isa = PBXBuildFile; fileRef = EF11C019229E1FDB0088182C /* OutcomeViewController.swift */; };
		EF11C01C229E1FF40088182C /* IncomeViewController.swift in Sources */ = {isa = PBXBuildFile; fileRef = EF11C01B229E1FF40088182C /* IncomeViewController.swift */; };
		EF11C01E229E20160088182C /* SettingsViewController.swift in Sources */ = {isa = PBXBuildFile; fileRef = EF11C01D229E20160088182C /* SettingsViewController.swift */; };
		EF872B39229CE90700D8EAC4 /* AppDelegate.swift in Sources */ = {isa = PBXBuildFile; fileRef = EF872B38229CE90700D8EAC4 /* AppDelegate.swift */; };
		EF872B3B229CE90700D8EAC4 /* ViewController.swift in Sources */ = {isa = PBXBuildFile; fileRef = EF872B3A229CE90700D8EAC4 /* ViewController.swift */; };
		EF872B3E229CE90700D8EAC4 /* Main.storyboard in Resources */ = {isa = PBXBuildFile; fileRef = EF872B3C229CE90700D8EAC4 /* Main.storyboard */; };
		EF872B41229CE90700D8EAC4 /* Tabungan_Ku.xcdatamodeld in Sources */ = {isa = PBXBuildFile; fileRef = EF872B3F229CE90700D8EAC4 /* Tabungan_Ku.xcdatamodeld */; };
		EF872B43229CE90A00D8EAC4 /* Assets.xcassets in Resources */ = {isa = PBXBuildFile; fileRef = EF872B42229CE90A00D8EAC4 /* Assets.xcassets */; };
		EF872B46229CE90A00D8EAC4 /* LaunchScreen.storyboard in Resources */ = {isa = PBXBuildFile; fileRef = EF872B44229CE90A00D8EAC4 /* LaunchScreen.storyboard */; };
		EF872B51229CE90A00D8EAC4 /* Tabungan_KuTests.swift in Sources */ = {isa = PBXBuildFile; fileRef = EF872B50229CE90A00D8EAC4 /* Tabungan_KuTests.swift */; };
		EF872B5C229CE90A00D8EAC4 /* Tabungan_KuUITests.swift in Sources */ = {isa = PBXBuildFile; fileRef = EF872B5B229CE90A00D8EAC4 /* Tabungan_KuUITests.swift */; };
/* End PBXBuildFile section */

/* Begin PBXContainerItemProxy section */
		EF872B4D229CE90A00D8EAC4 /* PBXContainerItemProxy */ = {
			isa = PBXContainerItemProxy;
			containerPortal = EF872B2D229CE90700D8EAC4 /* Project object */;
			proxyType = 1;
			remoteGlobalIDString = EF872B34229CE90700D8EAC4;
			remoteInfo = "Tabungan Ku";
		};
		EF872B58229CE90A00D8EAC4 /* PBXContainerItemProxy */ = {
			isa = PBXContainerItemProxy;
			containerPortal = EF872B2D229CE90700D8EAC4 /* Project object */;
			proxyType = 1;
			remoteGlobalIDString = EF872B34229CE90700D8EAC4;
			remoteInfo = "Tabungan Ku";
		};
/* End PBXContainerItemProxy section */

/* Begin PBXFileReference section */
		06C104282BA41514E1909875 /* Pods-Tabungan KuUITests.release.xcconfig */ = {isa = PBXFileReference; includeInIndex = 1; lastKnownFileType = text.xcconfig; name = "Pods-Tabungan KuUITests.release.xcconfig"; path = "Target Support Files/Pods-Tabungan KuUITests/Pods-Tabungan KuUITests.release.xcconfig"; sourceTree = "<group>"; };
		155EA88CC1C47E24A8939046 /* Pods_Tabungan_Ku.framework */ = {isa = PBXFileReference; explicitFileType = wrapper.framework; includeInIndex = 0; path = Pods_Tabungan_Ku.framework; sourceTree = BUILT_PRODUCTS_DIR; };
		2621A61CA3A5FBFEA340A13F /* Pods-Tabungan Ku.release.xcconfig */ = {isa = PBXFileReference; includeInIndex = 1; lastKnownFileType = text.xcconfig; name = "Pods-Tabungan Ku.release.xcconfig"; path = "Target Support Files/Pods-Tabungan Ku/Pods-Tabungan Ku.release.xcconfig"; sourceTree = "<group>"; };
		68879392F5A9A84F5305C387 /* Pods_Tabungan_KuTests.framework */ = {isa = PBXFileReference; explicitFileType = wrapper.framework; includeInIndex = 0; path = Pods_Tabungan_KuTests.framework; sourceTree = BUILT_PRODUCTS_DIR; };
		6A8805B5ADC8A0AB06A0323E /* Pods_Tabungan_KuUITests.framework */ = {isa = PBXFileReference; explicitFileType = wrapper.framework; includeInIndex = 0; path = Pods_Tabungan_KuUITests.framework; sourceTree = BUILT_PRODUCTS_DIR; };
		7927544390911148FF535E97 /* Pods-Tabungan KuTests.debug.xcconfig */ = {isa = PBXFileReference; includeInIndex = 1; lastKnownFileType = text.xcconfig; name = "Pods-Tabungan KuTests.debug.xcconfig"; path = "Target Support Files/Pods-Tabungan KuTests/Pods-Tabungan KuTests.debug.xcconfig"; sourceTree = "<group>"; };
		A28A6BF6F5C5D84C36B7F427 /* Pods-Tabungan KuUITests.debug.xcconfig */ = {isa = PBXFileReference; includeInIndex = 1; lastKnownFileType = text.xcconfig; name = "Pods-Tabungan KuUITests.debug.xcconfig"; path = "Target Support Files/Pods-Tabungan KuUITests/Pods-Tabungan KuUITests.debug.xcconfig"; sourceTree = "<group>"; };
		C3D235A8218D5F5E7D991423 /* Pods-Tabungan Ku.debug.xcconfig */ = {isa = PBXFileReference; includeInIndex = 1; lastKnownFileType = text.xcconfig; name = "Pods-Tabungan Ku.debug.xcconfig"; path = "Target Support Files/Pods-Tabungan Ku/Pods-Tabungan Ku.debug.xcconfig"; sourceTree = "<group>"; };
		E9C05B9B5F45158E381F0B54 /* Pods-Tabungan KuTests.release.xcconfig */ = {isa = PBXFileReference; includeInIndex = 1; lastKnownFileType = text.xcconfig; name = "Pods-Tabungan KuTests.release.xcconfig"; path = "Target Support Files/Pods-Tabungan KuTests/Pods-Tabungan KuTests.release.xcconfig"; sourceTree = "<group>"; };
		EF11C019229E1FDB0088182C /* OutcomeViewController.swift */ = {isa = PBXFileReference; lastKnownFileType = sourcecode.swift; path = OutcomeViewController.swift; sourceTree = "<group>"; };
		EF11C01B229E1FF40088182C /* IncomeViewController.swift */ = {isa = PBXFileReference; lastKnownFileType = sourcecode.swift; path = IncomeViewController.swift; sourceTree = "<group>"; };
		EF11C01D229E20160088182C /* SettingsViewController.swift */ = {isa = PBXFileReference; lastKnownFileType = sourcecode.swift; path = SettingsViewController.swift; sourceTree = "<group>"; };
		EF872B35229CE90700D8EAC4 /* Tabungan Ku.app */ = {isa = PBXFileReference; explicitFileType = wrapper.application; includeInIndex = 0; path = "Tabungan Ku.app"; sourceTree = BUILT_PRODUCTS_DIR; };
		EF872B38229CE90700D8EAC4 /* AppDelegate.swift */ = {isa = PBXFileReference; lastKnownFileType = sourcecode.swift; path = AppDelegate.swift; sourceTree = "<group>"; };
		EF872B3A229CE90700D8EAC4 /* ViewController.swift */ = {isa = PBXFileReference; lastKnownFileType = sourcecode.swift; path = ViewController.swift; sourceTree = "<group>"; };
		EF872B3D229CE90700D8EAC4 /* Base */ = {isa = PBXFileReference; lastKnownFileType = file.storyboard; name = Base; path = Base.lproj/Main.storyboard; sourceTree = "<group>"; };
		EF872B40229CE90700D8EAC4 /* Tabungan_Ku.xcdatamodel */ = {isa = PBXFileReference; lastKnownFileType = wrapper.xcdatamodel; path = Tabungan_Ku.xcdatamodel; sourceTree = "<group>"; };
		EF872B42229CE90A00D8EAC4 /* Assets.xcassets */ = {isa = PBXFileReference; lastKnownFileType = folder.assetcatalog; path = Assets.xcassets; sourceTree = "<group>"; };
		EF872B45229CE90A00D8EAC4 /* Base */ = {isa = PBXFileReference; lastKnownFileType = file.storyboard; name = Base; path = Base.lproj/LaunchScreen.storyboard; sourceTree = "<group>"; };
		EF872B47229CE90A00D8EAC4 /* Info.plist */ = {isa = PBXFileReference; lastKnownFileType = text.plist.xml; path = Info.plist; sourceTree = "<group>"; };
		EF872B4C229CE90A00D8EAC4 /* Tabungan KuTests.xctest */ = {isa = PBXFileReference; explicitFileType = wrapper.cfbundle; includeInIndex = 0; path = "Tabungan KuTests.xctest"; sourceTree = BUILT_PRODUCTS_DIR; };
		EF872B50229CE90A00D8EAC4 /* Tabungan_KuTests.swift */ = {isa = PBXFileReference; lastKnownFileType = sourcecode.swift; path = Tabungan_KuTests.swift; sourceTree = "<group>"; };
		EF872B52229CE90A00D8EAC4 /* Info.plist */ = {isa = PBXFileReference; lastKnownFileType = text.plist.xml; path = Info.plist; sourceTree = "<group>"; };
		EF872B57229CE90A00D8EAC4 /* Tabungan KuUITests.xctest */ = {isa = PBXFileReference; explicitFileType = wrapper.cfbundle; includeInIndex = 0; path = "Tabungan KuUITests.xctest"; sourceTree = BUILT_PRODUCTS_DIR; };
		EF872B5B229CE90A00D8EAC4 /* Tabungan_KuUITests.swift */ = {isa = PBXFileReference; lastKnownFileType = sourcecode.swift; path = Tabungan_KuUITests.swift; sourceTree = "<group>"; };
		EF872B5D229CE90A00D8EAC4 /* Info.plist */ = {isa = PBXFileReference; lastKnownFileType = text.plist.xml; path = Info.plist; sourceTree = "<group>"; };
/* End PBXFileReference section */

/* Begin PBXFrameworksBuildPhase section */
		EF872B32229CE90700D8EAC4 /* Frameworks */ = {
			isa = PBXFrameworksBuildPhase;
			buildActionMask = 2147483647;
			files = (
				3F11791CA539F0F9F534E9AB /* Pods_Tabungan_Ku.framework in Frameworks */,
			);
			runOnlyForDeploymentPostprocessing = 0;
		};
		EF872B49229CE90A00D8EAC4 /* Frameworks */ = {
			isa = PBXFrameworksBuildPhase;
			buildActionMask = 2147483647;
			files = (
				3F976CCE09F77793A9499FE7 /* Pods_Tabungan_KuTests.framework in Frameworks */,
			);
			runOnlyForDeploymentPostprocessing = 0;
		};
		EF872B54229CE90A00D8EAC4 /* Frameworks */ = {
			isa = PBXFrameworksBuildPhase;
			buildActionMask = 2147483647;
			files = (
				469D84EB7DC7DA908C83A09B /* Pods_Tabungan_KuUITests.framework in Frameworks */,
			);
			runOnlyForDeploymentPostprocessing = 0;
		};
/* End PBXFrameworksBuildPhase section */

/* Begin PBXGroup section */
		37697C29EC22E86FBC6E75AF /* Frameworks */ = {
			isa = PBXGroup;
			children = (
				155EA88CC1C47E24A8939046 /* Pods_Tabungan_Ku.framework */,
				68879392F5A9A84F5305C387 /* Pods_Tabungan_KuTests.framework */,
				6A8805B5ADC8A0AB06A0323E /* Pods_Tabungan_KuUITests.framework */,
			);
			name = Frameworks;
			sourceTree = "<group>";
		};
		D237294AD32272CE147890E2 /* Pods */ = {
			isa = PBXGroup;
			children = (
				C3D235A8218D5F5E7D991423 /* Pods-Tabungan Ku.debug.xcconfig */,
				2621A61CA3A5FBFEA340A13F /* Pods-Tabungan Ku.release.xcconfig */,
				7927544390911148FF535E97 /* Pods-Tabungan KuTests.debug.xcconfig */,
				E9C05B9B5F45158E381F0B54 /* Pods-Tabungan KuTests.release.xcconfig */,
				A28A6BF6F5C5D84C36B7F427 /* Pods-Tabungan KuUITests.debug.xcconfig */,
				06C104282BA41514E1909875 /* Pods-Tabungan KuUITests.release.xcconfig */,
			);
			path = Pods;
			sourceTree = "<group>";
		};
		EF11C018229E1FAD0088182C /* ViewController */ = {
			isa = PBXGroup;
			children = (
				EF872B3A229CE90700D8EAC4 /* ViewController.swift */,
				EF11C019229E1FDB0088182C /* OutcomeViewController.swift */,
				EF11C01B229E1FF40088182C /* IncomeViewController.swift */,
				EF11C01D229E20160088182C /* SettingsViewController.swift */,
			);
			name = ViewController;
			sourceTree = "<group>";
		};
		EF872B2C229CE90700D8EAC4 = {
			isa = PBXGroup;
			children = (
				EF872B37229CE90700D8EAC4 /* Tabungan Ku */,
				EF872B4F229CE90A00D8EAC4 /* Tabungan KuTests */,
				EF872B5A229CE90A00D8EAC4 /* Tabungan KuUITests */,
				EF872B36229CE90700D8EAC4 /* Products */,
				D237294AD32272CE147890E2 /* Pods */,
				37697C29EC22E86FBC6E75AF /* Frameworks */,
			);
			sourceTree = "<group>";
		};
		EF872B36229CE90700D8EAC4 /* Products */ = {
			isa = PBXGroup;
			children = (
				EF872B35229CE90700D8EAC4 /* Tabungan Ku.app */,
				EF872B4C229CE90A00D8EAC4 /* Tabungan KuTests.xctest */,
				EF872B57229CE90A00D8EAC4 /* Tabungan KuUITests.xctest */,
			);
			name = Products;
			sourceTree = "<group>";
		};
		EF872B37229CE90700D8EAC4 /* Tabungan Ku */ = {
			isa = PBXGroup;
			children = (
				EF11C018229E1FAD0088182C /* ViewController */,
				EF872B38229CE90700D8EAC4 /* AppDelegate.swift */,
				EF872B3C229CE90700D8EAC4 /* Main.storyboard */,
				EF872B42229CE90A00D8EAC4 /* Assets.xcassets */,
				EF872B44229CE90A00D8EAC4 /* LaunchScreen.storyboard */,
				EF872B47229CE90A00D8EAC4 /* Info.plist */,
				EF872B3F229CE90700D8EAC4 /* Tabungan_Ku.xcdatamodeld */,
			);
			path = "Tabungan Ku";
			sourceTree = "<group>";
		};
		EF872B4F229CE90A00D8EAC4 /* Tabungan KuTests */ = {
			isa = PBXGroup;
			children = (
				EF872B50229CE90A00D8EAC4 /* Tabungan_KuTests.swift */,
				EF872B52229CE90A00D8EAC4 /* Info.plist */,
			);
			path = "Tabungan KuTests";
			sourceTree = "<group>";
		};
		EF872B5A229CE90A00D8EAC4 /* Tabungan KuUITests */ = {
			isa = PBXGroup;
			children = (
				EF872B5B229CE90A00D8EAC4 /* Tabungan_KuUITests.swift */,
				EF872B5D229CE90A00D8EAC4 /* Info.plist */,
			);
			path = "Tabungan KuUITests";
			sourceTree = "<group>";
		};
/* End PBXGroup section */

/* Begin PBXNativeTarget section */
		EF872B34229CE90700D8EAC4 /* Tabungan Ku */ = {
			isa = PBXNativeTarget;
			buildConfigurationList = EF872B60229CE90A00D8EAC4 /* Build configuration list for PBXNativeTarget "Tabungan Ku" */;
			buildPhases = (
				380BB20FD89359FBB42424D7 /* [CP] Check Pods Manifest.lock */,
				EF872B31229CE90700D8EAC4 /* Sources */,
				EF872B32229CE90700D8EAC4 /* Frameworks */,
				EF872B33229CE90700D8EAC4 /* Resources */,
				9F5F6E134A1CF41BF6DE5AE3 /* [CP] Embed Pods Frameworks */,
			);
			buildRules = (
			);
			dependencies = (
			);
			name = "Tabungan Ku";
			productName = "Tabungan Ku";
			productReference = EF872B35229CE90700D8EAC4 /* Tabungan Ku.app */;
			productType = "com.apple.product-type.application";
		};
		EF872B4B229CE90A00D8EAC4 /* Tabungan KuTests */ = {
			isa = PBXNativeTarget;
			buildConfigurationList = EF872B63229CE90A00D8EAC4 /* Build configuration list for PBXNativeTarget "Tabungan KuTests" */;
			buildPhases = (
				045EFB62B11754012710A67F /* [CP] Check Pods Manifest.lock */,
				EF872B48229CE90A00D8EAC4 /* Sources */,
				EF872B49229CE90A00D8EAC4 /* Frameworks */,
				EF872B4A229CE90A00D8EAC4 /* Resources */,
			);
			buildRules = (
			);
			dependencies = (
				EF872B4E229CE90A00D8EAC4 /* PBXTargetDependency */,
			);
			name = "Tabungan KuTests";
			productName = "Tabungan KuTests";
			productReference = EF872B4C229CE90A00D8EAC4 /* Tabungan KuTests.xctest */;
			productType = "com.apple.product-type.bundle.unit-test";
		};
		EF872B56229CE90A00D8EAC4 /* Tabungan KuUITests */ = {
			isa = PBXNativeTarget;
			buildConfigurationList = EF872B66229CE90A00D8EAC4 /* Build configuration list for PBXNativeTarget "Tabungan KuUITests" */;
			buildPhases = (
				5DBFBB0509B2B270DCCDB01D /* [CP] Check Pods Manifest.lock */,
				EF872B53229CE90A00D8EAC4 /* Sources */,
				EF872B54229CE90A00D8EAC4 /* Frameworks */,
				EF872B55229CE90A00D8EAC4 /* Resources */,
			);
			buildRules = (
			);
			dependencies = (
				EF872B59229CE90A00D8EAC4 /* PBXTargetDependency */,
			);
			name = "Tabungan KuUITests";
			productName = "Tabungan KuUITests";
			productReference = EF872B57229CE90A00D8EAC4 /* Tabungan KuUITests.xctest */;
			productType = "com.apple.product-type.bundle.ui-testing";
		};
/* End PBXNativeTarget section */

/* Begin PBXProject section */
		EF872B2D229CE90700D8EAC4 /* Project object */ = {
			isa = PBXProject;
			attributes = {
				LastSwiftUpdateCheck = 1020;
				LastUpgradeCheck = 1020;
				ORGANIZATIONNAME = "Muhammad Alief";
				TargetAttributes = {
					EF872B34229CE90700D8EAC4 = {
						CreatedOnToolsVersion = 10.2.1;
					};
					EF872B4B229CE90A00D8EAC4 = {
						CreatedOnToolsVersion = 10.2.1;
						TestTargetID = EF872B34229CE90700D8EAC4;
					};
					EF872B56229CE90A00D8EAC4 = {
						CreatedOnToolsVersion = 10.2.1;
						TestTargetID = EF872B34229CE90700D8EAC4;
					};
				};
			};
			buildConfigurationList = EF872B30229CE90700D8EAC4 /* Build configuration list for PBXProject "Tabungan Ku" */;
			compatibilityVersion = "Xcode 9.3";
			developmentRegion = en;
			hasScannedForEncodings = 0;
			knownRegions = (
				en,
				Base,
			);
			mainGroup = EF872B2C229CE90700D8EAC4;
			productRefGroup = EF872B36229CE90700D8EAC4 /* Products */;
			projectDirPath = "";
			projectRoot = "";
			targets = (
				EF872B34229CE90700D8EAC4 /* Tabungan Ku */,
				EF872B4B229CE90A00D8EAC4 /* Tabungan KuTests */,
				EF872B56229CE90A00D8EAC4 /* Tabungan KuUITests */,
			);
		};
/* End PBXProject section */

/* Begin PBXResourcesBuildPhase section */
		EF872B33229CE90700D8EAC4 /* Resources */ = {
			isa = PBXResourcesBuildPhase;
			buildActionMask = 2147483647;
			files = (
				EF872B46229CE90A00D8EAC4 /* LaunchScreen.storyboard in Resources */,
				EF872B43229CE90A00D8EAC4 /* Assets.xcassets in Resources */,
				EF872B3E229CE90700D8EAC4 /* Main.storyboard in Resources */,
			);
			runOnlyForDeploymentPostprocessing = 0;
		};
		EF872B4A229CE90A00D8EAC4 /* Resources */ = {
			isa = PBXResourcesBuildPhase;
			buildActionMask = 2147483647;
			files = (
			);
			runOnlyForDeploymentPostprocessing = 0;
		};
		EF872B55229CE90A00D8EAC4 /* Resources */ = {
			isa = PBXResourcesBuildPhase;
			buildActionMask = 2147483647;
			files = (
			);
			runOnlyForDeploymentPostprocessing = 0;
		};
/* End PBXResourcesBuildPhase section */

/* Begin PBXShellScriptBuildPhase section */
		045EFB62B11754012710A67F /* [CP] Check Pods Manifest.lock */ = {
			isa = PBXShellScriptBuildPhase;
			buildActionMask = 2147483647;
			files = (
			);
			inputFileListPaths = (
			);
			inputPaths = (
				"${PODS_PODFILE_DIR_PATH}/Podfile.lock",
				"${PODS_ROOT}/Manifest.lock",
			);
			name = "[CP] Check Pods Manifest.lock";
			outputFileListPaths = (
			);
			outputPaths = (
				"$(DERIVED_FILE_DIR)/Pods-Tabungan KuTests-checkManifestLockResult.txt",
			);
			runOnlyForDeploymentPostprocessing = 0;
			shellPath = /bin/sh;
			shellScript = "diff \"${PODS_PODFILE_DIR_PATH}/Podfile.lock\" \"${PODS_ROOT}/Manifest.lock\" > /dev/null\nif [ $? != 0 ] ; then\n    # print error to STDERR\n    echo \"error: The sandbox is not in sync with the Podfile.lock. Run 'pod install' or update your CocoaPods installation.\" >&2\n    exit 1\nfi\n# This output is used by Xcode 'outputs' to avoid re-running this script phase.\necho \"SUCCESS\" > \"${SCRIPT_OUTPUT_FILE_0}\"\n";
			showEnvVarsInLog = 0;
		};
		380BB20FD89359FBB42424D7 /* [CP] Check Pods Manifest.lock */ = {
			isa = PBXShellScriptBuildPhase;
			buildActionMask = 2147483647;
			files = (
			);
			inputFileListPaths = (
			);
			inputPaths = (
				"${PODS_PODFILE_DIR_PATH}/Podfile.lock",
				"${PODS_ROOT}/Manifest.lock",
			);
			name = "[CP] Check Pods Manifest.lock";
			outputFileListPaths = (
			);
			outputPaths = (
				"$(DERIVED_FILE_DIR)/Pods-Tabungan Ku-checkManifestLockResult.txt",
			);
			runOnlyForDeploymentPostprocessing = 0;
			shellPath = /bin/sh;
			shellScript = "diff \"${PODS_PODFILE_DIR_PATH}/Podfile.lock\" \"${PODS_ROOT}/Manifest.lock\" > /dev/null\nif [ $? != 0 ] ; then\n    # print error to STDERR\n    echo \"error: The sandbox is not in sync with the Podfile.lock. Run 'pod install' or update your CocoaPods installation.\" >&2\n    exit 1\nfi\n# This output is used by Xcode 'outputs' to avoid re-running this script phase.\necho \"SUCCESS\" > \"${SCRIPT_OUTPUT_FILE_0}\"\n";
			showEnvVarsInLog = 0;
		};
		5DBFBB0509B2B270DCCDB01D /* [CP] Check Pods Manifest.lock */ = {
			isa = PBXShellScriptBuildPhase;
			buildActionMask = 2147483647;
			files = (
			);
			inputFileListPaths = (
			);
			inputPaths = (
				"${PODS_PODFILE_DIR_PATH}/Podfile.lock",
				"${PODS_ROOT}/Manifest.lock",
			);
			name = "[CP] Check Pods Manifest.lock";
			outputFileListPaths = (
			);
			outputPaths = (
				"$(DERIVED_FILE_DIR)/Pods-Tabungan KuUITests-checkManifestLockResult.txt",
			);
			runOnlyForDeploymentPostprocessing = 0;
			shellPath = /bin/sh;
			shellScript = "diff \"${PODS_PODFILE_DIR_PATH}/Podfile.lock\" \"${PODS_ROOT}/Manifest.lock\" > /dev/null\nif [ $? != 0 ] ; then\n    # print error to STDERR\n    echo \"error: The sandbox is not in sync with the Podfile.lock. Run 'pod install' or update your CocoaPods installation.\" >&2\n    exit 1\nfi\n# This output is used by Xcode 'outputs' to avoid re-running this script phase.\necho \"SUCCESS\" > \"${SCRIPT_OUTPUT_FILE_0}\"\n";
			showEnvVarsInLog = 0;
		};
		9F5F6E134A1CF41BF6DE5AE3 /* [CP] Embed Pods Frameworks */ = {
			isa = PBXShellScriptBuildPhase;
			buildActionMask = 2147483647;
			files = (
			);
			inputFileListPaths = (
				"${PODS_ROOT}/Target Support Files/Pods-Tabungan Ku/Pods-Tabungan Ku-frameworks-${CONFIGURATION}-input-files.xcfilelist",
			);
			name = "[CP] Embed Pods Frameworks";
			outputFileListPaths = (
				"${PODS_ROOT}/Target Support Files/Pods-Tabungan Ku/Pods-Tabungan Ku-frameworks-${CONFIGURATION}-output-files.xcfilelist",
			);
			runOnlyForDeploymentPostprocessing = 0;
			shellPath = /bin/sh;
			shellScript = "\"${PODS_ROOT}/Target Support Files/Pods-Tabungan Ku/Pods-Tabungan Ku-frameworks.sh\"\n";
			showEnvVarsInLog = 0;
		};
/* End PBXShellScriptBuildPhase section */

/* Begin PBXSourcesBuildPhase section */
		EF872B31229CE90700D8EAC4 /* Sources */ = {
			isa = PBXSourcesBuildPhase;
			buildActionMask = 2147483647;
			files = (
				EF872B41229CE90700D8EAC4 /* Tabungan_Ku.xcdatamodeld in Sources */,
				EF11C01C229E1FF40088182C /* IncomeViewController.swift in Sources */,
				EF11C01A229E1FDB0088182C /* OutcomeViewController.swift in Sources */,
				EF872B3B229CE90700D8EAC4 /* ViewController.swift in Sources */,
				EF872B39229CE90700D8EAC4 /* AppDelegate.swift in Sources */,
				EF11C01E229E20160088182C /* SettingsViewController.swift in Sources */,
			);
			runOnlyForDeploymentPostprocessing = 0;
		};
		EF872B48229CE90A00D8EAC4 /* Sources */ = {
			isa = PBXSourcesBuildPhase;
			buildActionMask = 2147483647;
			files = (
				EF872B51229CE90A00D8EAC4 /* Tabungan_KuTests.swift in Sources */,
			);
			runOnlyForDeploymentPostprocessing = 0;
		};
		EF872B53229CE90A00D8EAC4 /* Sources */ = {
			isa = PBXSourcesBuildPhase;
			buildActionMask = 2147483647;
			files = (
				EF872B5C229CE90A00D8EAC4 /* Tabungan_KuUITests.swift in Sources */,
			);
			runOnlyForDeploymentPostprocessing = 0;
		};
/* End PBXSourcesBuildPhase section */

/* Begin PBXTargetDependency section */
		EF872B4E229CE90A00D8EAC4 /* PBXTargetDependency */ = {
			isa = PBXTargetDependency;
			target = EF872B34229CE90700D8EAC4 /* Tabungan Ku */;
			targetProxy = EF872B4D229CE90A00D8EAC4 /* PBXContainerItemProxy */;
		};
		EF872B59229CE90A00D8EAC4 /* PBXTargetDependency */ = {
			isa = PBXTargetDependency;
			target = EF872B34229CE90700D8EAC4 /* Tabungan Ku */;
			targetProxy = EF872B58229CE90A00D8EAC4 /* PBXContainerItemProxy */;
		};
/* End PBXTargetDependency section */

/* Begin PBXVariantGroup section */
		EF872B3C229CE90700D8EAC4 /* Main.storyboard */ = {
			isa = PBXVariantGroup;
			children = (
				EF872B3D229CE90700D8EAC4 /* Base */,
			);
			name = Main.storyboard;
			sourceTree = "<group>";
		};
		EF872B44229CE90A00D8EAC4 /* LaunchScreen.storyboard */ = {
			isa = PBXVariantGroup;
			children = (
				EF872B45229CE90A00D8EAC4 /* Base */,
			);
			name = LaunchScreen.storyboard;
			sourceTree = "<group>";
		};
/* End PBXVariantGroup section */

/* Begin XCBuildConfiguration section */
		EF872B5E229CE90A00D8EAC4 /* Debug */ = {
			isa = XCBuildConfiguration;
			buildSettings = {
				ALWAYS_SEARCH_USER_PATHS = NO;
				CLANG_ANALYZER_NONNULL = YES;
				CLANG_ANALYZER_NUMBER_OBJECT_CONVERSION = YES_AGGRESSIVE;
				CLANG_CXX_LANGUAGE_STANDARD = "gnu++14";
				CLANG_CXX_LIBRARY = "libc++";
				CLANG_ENABLE_MODULES = YES;
				CLANG_ENABLE_OBJC_ARC = YES;
				CLANG_ENABLE_OBJC_WEAK = YES;
				CLANG_WARN_BLOCK_CAPTURE_AUTORELEASING = YES;
				CLANG_WARN_BOOL_CONVERSION = YES;
				CLANG_WARN_COMMA = YES;
				CLANG_WARN_CONSTANT_CONVERSION = YES;
				CLANG_WARN_DEPRECATED_OBJC_IMPLEMENTATIONS = YES;
				CLANG_WARN_DIRECT_OBJC_ISA_USAGE = YES_ERROR;
				CLANG_WARN_DOCUMENTATION_COMMENTS = YES;
				CLANG_WARN_EMPTY_BODY = YES;
				CLANG_WARN_ENUM_CONVERSION = YES;
				CLANG_WARN_INFINITE_RECURSION = YES;
				CLANG_WARN_INT_CONVERSION = YES;
				CLANG_WARN_NON_LITERAL_NULL_CONVERSION = YES;
				CLANG_WARN_OBJC_IMPLICIT_RETAIN_SELF = YES;
				CLANG_WARN_OBJC_LITERAL_CONVERSION = YES;
				CLANG_WARN_OBJC_ROOT_CLASS = YES_ERROR;
				CLANG_WARN_RANGE_LOOP_ANALYSIS = YES;
				CLANG_WARN_STRICT_PROTOTYPES = YES;
				CLANG_WARN_SUSPICIOUS_MOVE = YES;
				CLANG_WARN_UNGUARDED_AVAILABILITY = YES_AGGRESSIVE;
				CLANG_WARN_UNREACHABLE_CODE = YES;
				CLANG_WARN__DUPLICATE_METHOD_MATCH = YES;
				CODE_SIGN_IDENTITY = "iPhone Developer";
				COPY_PHASE_STRIP = NO;
				DEBUG_INFORMATION_FORMAT = dwarf;
				ENABLE_STRICT_OBJC_MSGSEND = YES;
				ENABLE_TESTABILITY = YES;
				GCC_C_LANGUAGE_STANDARD = gnu11;
				GCC_DYNAMIC_NO_PIC = NO;
				GCC_NO_COMMON_BLOCKS = YES;
				GCC_OPTIMIZATION_LEVEL = 0;
				GCC_PREPROCESSOR_DEFINITIONS = (
					"DEBUG=1",
					"$(inherited)",
				);
				GCC_WARN_64_TO_32_BIT_CONVERSION = YES;
				GCC_WARN_ABOUT_RETURN_TYPE = YES_ERROR;
				GCC_WARN_UNDECLARED_SELECTOR = YES;
				GCC_WARN_UNINITIALIZED_AUTOS = YES_AGGRESSIVE;
				GCC_WARN_UNUSED_FUNCTION = YES;
				GCC_WARN_UNUSED_VARIABLE = YES;
				IPHONEOS_DEPLOYMENT_TARGET = 12.2;
				MTL_ENABLE_DEBUG_INFO = INCLUDE_SOURCE;
				MTL_FAST_MATH = YES;
				ONLY_ACTIVE_ARCH = YES;
				SDKROOT = iphoneos;
				SWIFT_ACTIVE_COMPILATION_CONDITIONS = DEBUG;
				SWIFT_OPTIMIZATION_LEVEL = "-Onone";
			};
			name = Debug;
		};
		EF872B5F229CE90A00D8EAC4 /* Release */ = {
			isa = XCBuildConfiguration;
			buildSettings = {
				ALWAYS_SEARCH_USER_PATHS = NO;
				CLANG_ANALYZER_NONNULL = YES;
				CLANG_ANALYZER_NUMBER_OBJECT_CONVERSION = YES_AGGRESSIVE;
				CLANG_CXX_LANGUAGE_STANDARD = "gnu++14";
				CLANG_CXX_LIBRARY = "libc++";
				CLANG_ENABLE_MODULES = YES;
				CLANG_ENABLE_OBJC_ARC = YES;
				CLANG_ENABLE_OBJC_WEAK = YES;
				CLANG_WARN_BLOCK_CAPTURE_AUTORELEASING = YES;
				CLANG_WARN_BOOL_CONVERSION = YES;
				CLANG_WARN_COMMA = YES;
				CLANG_WARN_CONSTANT_CONVERSION = YES;
				CLANG_WARN_DEPRECATED_OBJC_IMPLEMENTATIONS = YES;
				CLANG_WARN_DIRECT_OBJC_ISA_USAGE = YES_ERROR;
				CLANG_WARN_DOCUMENTATION_COMMENTS = YES;
				CLANG_WARN_EMPTY_BODY = YES;
				CLANG_WARN_ENUM_CONVERSION = YES;
				CLANG_WARN_INFINITE_RECURSION = YES;
				CLANG_WARN_INT_CONVERSION = YES;
				CLANG_WARN_NON_LITERAL_NULL_CONVERSION = YES;
				CLANG_WARN_OBJC_IMPLICIT_RETAIN_SELF = YES;
				CLANG_WARN_OBJC_LITERAL_CONVERSION = YES;
				CLANG_WARN_OBJC_ROOT_CLASS = YES_ERROR;
				CLANG_WARN_RANGE_LOOP_ANALYSIS = YES;
				CLANG_WARN_STRICT_PROTOTYPES = YES;
				CLANG_WARN_SUSPICIOUS_MOVE = YES;
				CLANG_WARN_UNGUARDED_AVAILABILITY = YES_AGGRESSIVE;
				CLANG_WARN_UNREACHABLE_CODE = YES;
				CLANG_WARN__DUPLICATE_METHOD_MATCH = YES;
				CODE_SIGN_IDENTITY = "iPhone Developer";
				COPY_PHASE_STRIP = NO;
				DEBUG_INFORMATION_FORMAT = "dwarf-with-dsym";
				ENABLE_NS_ASSERTIONS = NO;
				ENABLE_STRICT_OBJC_MSGSEND = YES;
				GCC_C_LANGUAGE_STANDARD = gnu11;
				GCC_NO_COMMON_BLOCKS = YES;
				GCC_WARN_64_TO_32_BIT_CONVERSION = YES;
				GCC_WARN_ABOUT_RETURN_TYPE = YES_ERROR;
				GCC_WARN_UNDECLARED_SELECTOR = YES;
				GCC_WARN_UNINITIALIZED_AUTOS = YES_AGGRESSIVE;
				GCC_WARN_UNUSED_FUNCTION = YES;
				GCC_WARN_UNUSED_VARIABLE = YES;
				IPHONEOS_DEPLOYMENT_TARGET = 12.2;
				MTL_ENABLE_DEBUG_INFO = NO;
				MTL_FAST_MATH = YES;
				SDKROOT = iphoneos;
				SWIFT_COMPILATION_MODE = wholemodule;
				SWIFT_OPTIMIZATION_LEVEL = "-O";
				VALIDATE_PRODUCT = YES;
			};
			name = Release;
		};
		EF872B61229CE90A00D8EAC4 /* Debug */ = {
			isa = XCBuildConfiguration;
			baseConfigurationReference = C3D235A8218D5F5E7D991423 /* Pods-Tabungan Ku.debug.xcconfig */;
			buildSettings = {
				ASSETCATALOG_COMPILER_APPICON_NAME = AppIcon;
				CODE_SIGN_STYLE = Automatic;
				INFOPLIST_FILE = "Tabungan Ku/Info.plist";
				IPHONEOS_DEPLOYMENT_TARGET = 12.1;
				LD_RUNPATH_SEARCH_PATHS = (
					"$(inherited)",
					"@executable_path/Frameworks",
				);
				PRODUCT_BUNDLE_IDENTIFIER = "com.quantumhiggs.Tabungan-Ku";
				PRODUCT_NAME = "$(TARGET_NAME)";
				SWIFT_VERSION = 4.0;
				TARGETED_DEVICE_FAMILY = "1,2";
			};
			name = Debug;
		};
		EF872B62229CE90A00D8EAC4 /* Release */ = {
			isa = XCBuildConfiguration;
			baseConfigurationReference = 2621A61CA3A5FBFEA340A13F /* Pods-Tabungan Ku.release.xcconfig */;
			buildSettings = {
				ASSETCATALOG_COMPILER_APPICON_NAME = AppIcon;
				CODE_SIGN_STYLE = Automatic;
				INFOPLIST_FILE = "Tabungan Ku/Info.plist";
				IPHONEOS_DEPLOYMENT_TARGET = 12.1;
				LD_RUNPATH_SEARCH_PATHS = (
					"$(inherited)",
					"@executable_path/Frameworks",
				);
				PRODUCT_BUNDLE_IDENTIFIER = "com.quantumhiggs.Tabungan-Ku";
				PRODUCT_NAME = "$(TARGET_NAME)";
				SWIFT_VERSION = 4.0;
				TARGETED_DEVICE_FAMILY = "1,2";
			};
			name = Release;
		};
		EF872B64229CE90A00D8EAC4 /* Debug */ = {
			isa = XCBuildConfiguration;
			baseConfigurationReference = 7927544390911148FF535E97 /* Pods-Tabungan KuTests.debug.xcconfig */;
			buildSettings = {
				ALWAYS_EMBED_SWIFT_STANDARD_LIBRARIES = YES;
				BUNDLE_LOADER = "$(TEST_HOST)";
				CODE_SIGN_STYLE = Automatic;
				INFOPLIST_FILE = "Tabungan KuTests/Info.plist";
				LD_RUNPATH_SEARCH_PATHS = (
					"$(inherited)",
					"@executable_path/Frameworks",
					"@loader_path/Frameworks",
				);
				PRODUCT_BUNDLE_IDENTIFIER = "com.quantumhiggs.Tabungan-KuTests";
				PRODUCT_NAME = "$(TARGET_NAME)";
				SWIFT_VERSION = 5.0;
				TARGETED_DEVICE_FAMILY = "1,2";
				TEST_HOST = "$(BUILT_PRODUCTS_DIR)/Tabungan Ku.app/Tabungan Ku";
			};
			name = Debug;
		};
		EF872B65229CE90A00D8EAC4 /* Release */ = {
			isa = XCBuildConfiguration;
			baseConfigurationReference = E9C05B9B5F45158E381F0B54 /* Pods-Tabungan KuTests.release.xcconfig */;
			buildSettings = {
				ALWAYS_EMBED_SWIFT_STANDARD_LIBRARIES = YES;
				BUNDLE_LOADER = "$(TEST_HOST)";
				CODE_SIGN_STYLE = Automatic;
				INFOPLIST_FILE = "Tabungan KuTests/Info.plist";
				LD_RUNPATH_SEARCH_PATHS = (
					"$(inherited)",
					"@executable_path/Frameworks",
					"@loader_path/Frameworks",
				);
				PRODUCT_BUNDLE_IDENTIFIER = "com.quantumhiggs.Tabungan-KuTests";
				PRODUCT_NAME = "$(TARGET_NAME)";
				SWIFT_VERSION = 5.0;
				TARGETED_DEVICE_FAMILY = "1,2";
				TEST_HOST = "$(BUILT_PRODUCTS_DIR)/Tabungan Ku.app/Tabungan Ku";
			};
			name = Release;
		};
		EF872B67229CE90A00D8EAC4 /* Debug */ = {
			isa = XCBuildConfiguration;
			baseConfigurationReference = A28A6BF6F5C5D84C36B7F427 /* Pods-Tabungan KuUITests.debug.xcconfig */;
			buildSettings = {
				ALWAYS_EMBED_SWIFT_STANDARD_LIBRARIES = YES;
				CODE_SIGN_STYLE = Automatic;
				INFOPLIST_FILE = "Tabungan KuUITests/Info.plist";
				IPHONEOS_DEPLOYMENT_TARGET = 12.1;
				LD_RUNPATH_SEARCH_PATHS = (
					"$(inherited)",
					"@executable_path/Frameworks",
					"@loader_path/Frameworks",
				);
				PRODUCT_BUNDLE_IDENTIFIER = "com.quantumhiggs.Tabungan-KuUITests";
				PRODUCT_NAME = "$(TARGET_NAME)";
				SWIFT_VERSION = 5.0;
				TARGETED_DEVICE_FAMILY = "1,2";
				TEST_TARGET_NAME = "Tabungan Ku";
			};
			name = Debug;
		};
		EF872B68229CE90A00D8EAC4 /* Release */ = {
			isa = XCBuildConfiguration;
			baseConfigurationReference = 06C104282BA41514E1909875 /* Pods-Tabungan KuUITests.release.xcconfig */;
			buildSettings = {
				ALWAYS_EMBED_SWIFT_STANDARD_LIBRARIES = YES;
				CODE_SIGN_STYLE = Automatic;
				INFOPLIST_FILE = "Tabungan KuUITests/Info.plist";
				IPHONEOS_DEPLOYMENT_TARGET = 12.1;
				LD_RUNPATH_SEARCH_PATHS = (
					"$(inherited)",
					"@executable_path/Frameworks",
					"@loader_path/Frameworks",
				);
				PRODUCT_BUNDLE_IDENTIFIER = "com.quantumhiggs.Tabungan-KuUITests";
				PRODUCT_NAME = "$(TARGET_NAME)";
				SWIFT_VERSION = 5.0;
				TARGETED_DEVICE_FAMILY = "1,2";
				TEST_TARGET_NAME = "Tabungan Ku";
			};
			name = Release;
		};
/* End XCBuildConfiguration section */

/* Begin XCConfigurationList section */
		EF872B30229CE90700D8EAC4 /* Build configuration list for PBXProject "Tabungan Ku" */ = {
			isa = XCConfigurationList;
			buildConfigurations = (
				EF872B5E229CE90A00D8EAC4 /* Debug */,
				EF872B5F229CE90A00D8EAC4 /* Release */,
			);
			defaultConfigurationIsVisible = 0;
			defaultConfigurationName = Release;
		};
		EF872B60229CE90A00D8EAC4 /* Build configuration list for PBXNativeTarget "Tabungan Ku" */ = {
			isa = XCConfigurationList;
			buildConfigurations = (
				EF872B61229CE90A00D8EAC4 /* Debug */,
				EF872B62229CE90A00D8EAC4 /* Release */,
			);
			defaultConfigurationIsVisible = 0;
			defaultConfigurationName = Release;
		};
		EF872B63229CE90A00D8EAC4 /* Build configuration list for PBXNativeTarget "Tabungan KuTests" */ = {
			isa = XCConfigurationList;
			buildConfigurations = (
				EF872B64229CE90A00D8EAC4 /* Debug */,
				EF872B65229CE90A00D8EAC4 /* Release */,
			);
			defaultConfigurationIsVisible = 0;
			defaultConfigurationName = Release;
		};
		EF872B66229CE90A00D8EAC4 /* Build configuration list for PBXNativeTarget "Tabungan KuUITests" */ = {
			isa = XCConfigurationList;
			buildConfigurations = (
				EF872B67229CE90A00D8EAC4 /* Debug */,
				EF872B68229CE90A00D8EAC4 /* Release */,
			);
			defaultConfigurationIsVisible = 0;
			defaultConfigurationName = Release;
		};
/* End XCConfigurationList section */

/* Begin XCVersionGroup section */
		EF872B3F229CE90700D8EAC4 /* Tabungan_Ku.xcdatamodeld */ = {
			isa = XCVersionGroup;
			children = (
				EF872B40229CE90700D8EAC4 /* Tabungan_Ku.xcdatamodel */,
			);
			currentVersion = EF872B40229CE90700D8EAC4 /* Tabungan_Ku.xcdatamodel */;
			path = Tabungan_Ku.xcdatamodeld;
			sourceTree = "<group>";
			versionGroupType = wrapper.xcdatamodel;
		};
/* End XCVersionGroup section */
	};
	rootObject = EF872B2D229CE90700D8EAC4 /* Project object */;
}
